
Microsoft Visual Studio Solution File, Format Version 12.00
# Visual Studio Version 16
VisualStudioVersion = 16.0.34601.136
MinimumVisualStudioVersion = 10.0.40219.1
Project("{8BC9CEB8-8B4A-11D0-8D11-00A0C91BC942}") = "simpleNums", "simpleNums\simpleNums.vcxproj", "{6E949E10-1CFB-458F-B1B6-BCC9AB7E921E}"
EndProject
Global
	GlobalSection(SolutionConfigurationPlatforms) = preSolution
		Debug|x64 = Debug|x64
		Debug|x86 = Debug|x86
		Release|x64 = Release|x64
		Release|x86 = Release|x86
	EndGlobalSection
	GlobalSection(ProjectConfigurationPlatforms) = postSolution
		{6E949E10-1CFB-458F-B1B6-BCC9AB7E921E}.Debug|x64.ActiveCfg = Debug|x64
		{6E949E10-1CFB-458F-B1B6-BCC9AB7E921E}.Debug|x64.Build.0 = Debug|x64
		{6E949E10-1CFB-458F-B1B6-BCC9AB7E921E}.Debug|x86.ActiveCfg = Debug|Win32
		{6E949E10-1CFB-458F-B1B6-BCC9AB7E921E}.Debug|x86.Build.0 = Debug|Win32
		{6E949E10-1CFB-458F-B1B6-BCC9AB7E921E}.Release|x64.ActiveCfg = Release|x64
		{6E949E10-1CFB-458F-B1B6-BCC9AB7E921E}.Release|x64.Build.0 = Release|x64
		{6E949E10-1CFB-458F-B1B6-BCC9AB7E921E}.Release|x86.ActiveCfg = Release|Win32
		{6E949E10-1CFB-458F-B1B6-BCC9AB7E921E}.Release|x86.Build.0 = Release|Win32
	EndGlobalSection
	GlobalSection(SolutionProperties) = preSolution
		HideSolutionNode = FALSE
	EndGlobalSection
	GlobalSection(ExtensibilityGlobals) = postSolution
		SolutionGuid = {AA262971-6CFB-46D1-B9C4-B36061A20D73}
	EndGlobalSection
EndGlobal
